// !$*UTF8*$!
{
	archiveVersion = 1;
	classes = {
	};
	objectVersion = 55;
	objects = {

/* Begin PBXBuildFile section */
		56273F7228F11C8300D3899D /* AppDelegate.swift in Sources */ = {isa = PBXBuildFile; fileRef = 56273F7128F11C8300D3899D /* AppDelegate.swift */; };
		56273F7428F11C8300D3899D /* SceneDelegate.swift in Sources */ = {isa = PBXBuildFile; fileRef = 56273F7328F11C8300D3899D /* SceneDelegate.swift */; };
		56273F7628F11C8300D3899D /* ViewController.swift in Sources */ = {isa = PBXBuildFile; fileRef = 56273F7528F11C8300D3899D /* ViewController.swift */; };
		56273F7928F11C8300D3899D /* Main.storyboard in Resources */ = {isa = PBXBuildFile; fileRef = 56273F7728F11C8300D3899D /* Main.storyboard */; };
		56273F7B28F11C9000D3899D /* Assets.xcassets in Resources */ = {isa = PBXBuildFile; fileRef = 56273F7A28F11C9000D3899D /* Assets.xcassets */; };
		56273F7E28F11C9000D3899D /* LaunchScreen.storyboard in Resources */ = {isa = PBXBuildFile; fileRef = 56273F7C28F11C9000D3899D /* LaunchScreen.storyboard */; };
		56273F8928F11C9100D3899D /* HaircutSchedulingAppTests.swift in Sources */ = {isa = PBXBuildFile; fileRef = 56273F8828F11C9100D3899D /* HaircutSchedulingAppTests.swift */; };
		56273F9328F11C9100D3899D /* HaircutSchedulingAppUITests.swift in Sources */ = {isa = PBXBuildFile; fileRef = 56273F9228F11C9100D3899D /* HaircutSchedulingAppUITests.swift */; };
		56273F9528F11C9100D3899D /* HaircutSchedulingAppUITestsLaunchTests.swift in Sources */ = {isa = PBXBuildFile; fileRef = 56273F9428F11C9100D3899D /* HaircutSchedulingAppUITestsLaunchTests.swift */; };
		56273FA228F11D2200D3899D /* PaymentOptions.swift in Sources */ = {isa = PBXBuildFile; fileRef = 56273FA128F11D2200D3899D /* PaymentOptions.swift */; };
		56273FA828F11E0F00D3899D /* SchedulingInfo.swift in Sources */ = {isa = PBXBuildFile; fileRef = 56273FA728F11E0F00D3899D /* SchedulingInfo.swift */; };
		56273FAE28F11EC800D3899D /* HaircutTypes.swift in Sources */ = {isa = PBXBuildFile; fileRef = 56273FAD28F11EC800D3899D /* HaircutTypes.swift */; };
		56273FB028F11F9000D3899D /* HaircutsTableViewController.swift in Sources */ = {isa = PBXBuildFile; fileRef = 56273FAF28F11F9000D3899D /* HaircutsTableViewController.swift */; };
		56273FB228F11FBF00D3899D /* MessagingViewController.swift in Sources */ = {isa = PBXBuildFile; fileRef = 56273FB128F11FBF00D3899D /* MessagingViewController.swift */; };
		56273FB428F1201B00D3899D /* ConfirmationRecommendationView.swift in Sources */ = {isa = PBXBuildFile; fileRef = 56273FB328F1201B00D3899D /* ConfirmationRecommendationView.swift */; };
/* End PBXBuildFile section */

/* Begin PBXContainerItemProxy section */
		56273F8528F11C9000D3899D /* PBXContainerItemProxy */ = {
			isa = PBXContainerItemProxy;
			containerPortal = 56273F6628F11C8300D3899D /* Project object */;
			proxyType = 1;
			remoteGlobalIDString = 56273F6D28F11C8300D3899D;
			remoteInfo = HaircutSchedulingApp;
		};
		56273F8F28F11C9100D3899D /* PBXContainerItemProxy */ = {
			isa = PBXContainerItemProxy;
			containerPortal = 56273F6628F11C8300D3899D /* Project object */;
			proxyType = 1;
			remoteGlobalIDString = 56273F6D28F11C8300D3899D;
			remoteInfo = HaircutSchedulingApp;
		};
/* End PBXContainerItemProxy section */

/* Begin PBXFileReference section */
		56273F6E28F11C8300D3899D /* HaircutSchedulingApp.app */ = {isa = PBXFileReference; explicitFileType = wrapper.application; includeInIndex = 0; path = HaircutSchedulingApp.app; sourceTree = BUILT_PRODUCTS_DIR; };
		56273F7128F11C8300D3899D /* AppDelegate.swift */ = {isa = PBXFileReference; lastKnownFileType = sourcecode.swift; path = AppDelegate.swift; sourceTree = "<group>"; };
		56273F7328F11C8300D3899D /* SceneDelegate.swift */ = {isa = PBXFileReference; lastKnownFileType = sourcecode.swift; path = SceneDelegate.swift; sourceTree = "<group>"; };
		56273F7528F11C8300D3899D /* ViewController.swift */ = {isa = PBXFileReference; lastKnownFileType = sourcecode.swift; path = ViewController.swift; sourceTree = "<group>"; };
		56273F7828F11C8300D3899D /* Base */ = {isa = PBXFileReference; lastKnownFileType = file.storyboard; name = Base; path = Base.lproj/Main.storyboard; sourceTree = "<group>"; };
		56273F7A28F11C9000D3899D /* Assets.xcassets */ = {isa = PBXFileReference; lastKnownFileType = folder.assetcatalog; path = Assets.xcassets; sourceTree = "<group>"; };
		56273F7D28F11C9000D3899D /* Base */ = {isa = PBXFileReference; lastKnownFileType = file.storyboard; name = Base; path = Base.lproj/LaunchScreen.storyboard; sourceTree = "<group>"; };
		56273F7F28F11C9000D3899D /* Info.plist */ = {isa = PBXFileReference; lastKnownFileType = text.plist.xml; path = Info.plist; sourceTree = "<group>"; };
		56273F8428F11C9000D3899D /* HaircutSchedulingAppTests.xctest */ = {isa = PBXFileReference; explicitFileType = wrapper.cfbundle; includeInIndex = 0; path = HaircutSchedulingAppTests.xctest; sourceTree = BUILT_PRODUCTS_DIR; };
		56273F8828F11C9100D3899D /* HaircutSchedulingAppTests.swift */ = {isa = PBXFileReference; lastKnownFileType = sourcecode.swift; path = HaircutSchedulingAppTests.swift; sourceTree = "<group>"; };
		56273F8E28F11C9100D3899D /* HaircutSchedulingAppUITests.xctest */ = {isa = PBXFileReference; explicitFileType = wrapper.cfbundle; includeInIndex = 0; path = HaircutSchedulingAppUITests.xctest; sourceTree = BUILT_PRODUCTS_DIR; };
		56273F9228F11C9100D3899D /* HaircutSchedulingAppUITests.swift */ = {isa = PBXFileReference; lastKnownFileType = sourcecode.swift; path = HaircutSchedulingAppUITests.swift; sourceTree = "<group>"; };
		56273F9428F11C9100D3899D /* HaircutSchedulingAppUITestsLaunchTests.swift */ = {isa = PBXFileReference; lastKnownFileType = sourcecode.swift; path = HaircutSchedulingAppUITestsLaunchTests.swift; sourceTree = "<group>"; };
		56273FA128F11D2200D3899D /* PaymentOptions.swift */ = {isa = PBXFileReference; lastKnownFileType = sourcecode.swift; path = PaymentOptions.swift; sourceTree = "<group>"; };
		56273FA728F11E0F00D3899D /* SchedulingInfo.swift */ = {isa = PBXFileReference; lastKnownFileType = sourcecode.swift; path = SchedulingInfo.swift; sourceTree = "<group>"; };
		56273FAD28F11EC800D3899D /* HaircutTypes.swift */ = {isa = PBXFileReference; lastKnownFileType = sourcecode.swift; path = HaircutTypes.swift; sourceTree = "<group>"; };
		56273FAF28F11F9000D3899D /* HaircutsTableViewController.swift */ = {isa = PBXFileReference; lastKnownFileType = sourcecode.swift; path = HaircutsTableViewController.swift; sourceTree = "<group>"; };
		56273FB128F11FBF00D3899D /* MessagingViewController.swift */ = {isa = PBXFileReference; lastKnownFileType = sourcecode.swift; path = MessagingViewController.swift; sourceTree = "<group>"; };
		56273FB328F1201B00D3899D /* ConfirmationRecommendationView.swift */ = {isa = PBXFileReference; lastKnownFileType = sourcecode.swift; path = ConfirmationRecommendationView.swift; sourceTree = "<group>"; };
/* End PBXFileReference section */

/* Begin PBXFrameworksBuildPhase section */
		56273F6B28F11C8300D3899D /* Frameworks */ = {
			isa = PBXFrameworksBuildPhase;
			buildActionMask = 2147483647;
			files = (
			);
			runOnlyForDeploymentPostprocessing = 0;
		};
		56273F8128F11C9000D3899D /* Frameworks */ = {
			isa = PBXFrameworksBuildPhase;
			buildActionMask = 2147483647;
			files = (
			);
			runOnlyForDeploymentPostprocessing = 0;
		};
		56273F8B28F11C9100D3899D /* Frameworks */ = {
			isa = PBXFrameworksBuildPhase;
			buildActionMask = 2147483647;
			files = (
			);
			runOnlyForDeploymentPostprocessing = 0;
		};
/* End PBXFrameworksBuildPhase section */

/* Begin PBXGroup section */
		56273F6528F11C8300D3899D = {
			isa = PBXGroup;
			children = (
				56273F7028F11C8300D3899D /* HaircutSchedulingApp */,
				56273F8728F11C9000D3899D /* HaircutSchedulingAppTests */,
				56273F9128F11C9100D3899D /* HaircutSchedulingAppUITests */,
				56273F6F28F11C8300D3899D /* Products */,
			);
			sourceTree = "<group>";
		};
		56273F6F28F11C8300D3899D /* Products */ = {
			isa = PBXGroup;
			children = (
				56273F6E28F11C8300D3899D /* HaircutSchedulingApp.app */,
				56273F8428F11C9000D3899D /* HaircutSchedulingAppTests.xctest */,
				56273F8E28F11C9100D3899D /* HaircutSchedulingAppUITests.xctest */,
			);
			name = Products;
			sourceTree = "<group>";
		};
		56273F7028F11C8300D3899D /* HaircutSchedulingApp */ = {
			isa = PBXGroup;
			children = (
				56273F7128F11C8300D3899D /* AppDelegate.swift */,
				56273F7328F11C8300D3899D /* SceneDelegate.swift */,
				56273F7528F11C8300D3899D /* ViewController.swift */,
				56273F7728F11C8300D3899D /* Main.storyboard */,
				56273F7A28F11C9000D3899D /* Assets.xcassets */,
				56273F7C28F11C9000D3899D /* LaunchScreen.storyboard */,
				56273F7F28F11C9000D3899D /* Info.plist */,
				56273FA128F11D2200D3899D /* PaymentOptions.swift */,
				56273FA728F11E0F00D3899D /* SchedulingInfo.swift */,
				56273FAD28F11EC800D3899D /* HaircutTypes.swift */,
				56273FAF28F11F9000D3899D /* HaircutsTableViewController.swift */,
				56273FB128F11FBF00D3899D /* MessagingViewController.swift */,
				56273FB328F1201B00D3899D /* ConfirmationRecommendationView.swift */,
			);
			path = HaircutSchedulingApp;
			sourceTree = "<group>";
		};
		56273F8728F11C9000D3899D /* HaircutSchedulingAppTests */ = {
			isa = PBXGroup;
			children = (
				56273F8828F11C9100D3899D /* HaircutSchedulingAppTests.swift */,
			);
			path = HaircutSchedulingAppTests;
			sourceTree = "<group>";
		};
		56273F9128F11C9100D3899D /* HaircutSchedulingAppUITests */ = {
			isa = PBXGroup;
			children = (
				56273F9228F11C9100D3899D /* HaircutSchedulingAppUITests.swift */,
				56273F9428F11C9100D3899D /* HaircutSchedulingAppUITestsLaunchTests.swift */,
			);
			path = HaircutSchedulingAppUITests;
			sourceTree = "<group>";
		};
/* End PBXGroup section */

/* Begin PBXNativeTarget section */
		56273F6D28F11C8300D3899D /* HaircutSchedulingApp */ = {
			isa = PBXNativeTarget;
			buildConfigurationList = 56273F9828F11C9100D3899D /* Build configuration list for PBXNativeTarget "HaircutSchedulingApp" */;
			buildPhases = (
				56273F6A28F11C8300D3899D /* Sources */,
				56273F6B28F11C8300D3899D /* Frameworks */,
				56273F6C28F11C8300D3899D /* Resources */,
			);
			buildRules = (
			);
			dependencies = (
			);
			name = HaircutSchedulingApp;
			productName = HaircutSchedulingApp;
			productReference = 56273F6E28F11C8300D3899D /* HaircutSchedulingApp.app */;
			productType = "com.apple.product-type.application";
		};
		56273F8328F11C9000D3899D /* HaircutSchedulingAppTests */ = {
			isa = PBXNativeTarget;
			buildConfigurationList = 56273F9B28F11C9100D3899D /* Build configuration list for PBXNativeTarget "HaircutSchedulingAppTests" */;
			buildPhases = (
				56273F8028F11C9000D3899D /* Sources */,
				56273F8128F11C9000D3899D /* Frameworks */,
				56273F8228F11C9000D3899D /* Resources */,
			);
			buildRules = (
			);
			dependencies = (
				56273F8628F11C9000D3899D /* PBXTargetDependency */,
			);
			name = HaircutSchedulingAppTests;
			productName = HaircutSchedulingAppTests;
			productReference = 56273F8428F11C9000D3899D /* HaircutSchedulingAppTests.xctest */;
			productType = "com.apple.product-type.bundle.unit-test";
		};
		56273F8D28F11C9100D3899D /* HaircutSchedulingAppUITests */ = {
			isa = PBXNativeTarget;
			buildConfigurationList = 56273F9E28F11C9100D3899D /* Build configuration list for PBXNativeTarget "HaircutSchedulingAppUITests" */;
			buildPhases = (
				56273F8A28F11C9100D3899D /* Sources */,
				56273F8B28F11C9100D3899D /* Frameworks */,
				56273F8C28F11C9100D3899D /* Resources */,
			);
			buildRules = (
			);
			dependencies = (
				56273F9028F11C9100D3899D /* PBXTargetDependency */,
			);
			name = HaircutSchedulingAppUITests;
			productName = HaircutSchedulingAppUITests;
			productReference = 56273F8E28F11C9100D3899D /* HaircutSchedulingAppUITests.xctest */;
			productType = "com.apple.product-type.bundle.ui-testing";
		};
/* End PBXNativeTarget section */

/* Begin PBXProject section */
		56273F6628F11C8300D3899D /* Project object */ = {
			isa = PBXProject;
			attributes = {
				BuildIndependentTargetsInParallel = 1;
				LastSwiftUpdateCheck = 1340;
				LastUpgradeCheck = 1340;
				TargetAttributes = {
					56273F6D28F11C8300D3899D = {
						CreatedOnToolsVersion = 13.4.1;
					};
					56273F8328F11C9000D3899D = {
						CreatedOnToolsVersion = 13.4.1;
						TestTargetID = 56273F6D28F11C8300D3899D;
					};
					56273F8D28F11C9100D3899D = {
						CreatedOnToolsVersion = 13.4.1;
						TestTargetID = 56273F6D28F11C8300D3899D;
					};
				};
			};
			buildConfigurationList = 56273F6928F11C8300D3899D /* Build configuration list for PBXProject "HaircutSchedulingApp" */;
			compatibilityVersion = "Xcode 13.0";
			developmentRegion = en;
			hasScannedForEncodings = 0;
			knownRegions = (
				en,
				Base,
			);
			mainGroup = 56273F6528F11C8300D3899D;
			productRefGroup = 56273F6F28F11C8300D3899D /* Products */;
			projectDirPath = "";
			projectRoot = "";
			targets = (
				56273F6D28F11C8300D3899D /* HaircutSchedulingApp */,
				56273F8328F11C9000D3899D /* HaircutSchedulingAppTests */,
				56273F8D28F11C9100D3899D /* HaircutSchedulingAppUITests */,
			);
		};
/* End PBXProject section */

/* Begin PBXResourcesBuildPhase section */
		56273F6C28F11C8300D3899D /* Resources */ = {
			isa = PBXResourcesBuildPhase;
			buildActionMask = 2147483647;
			files = (
				56273F7E28F11C9000D3899D /* LaunchScreen.storyboard in Resources */,
				56273F7B28F11C9000D3899D /* Assets.xcassets in Resources */,
				56273F7928F11C8300D3899D /* Main.storyboard in Resources */,
			);
			runOnlyForDeploymentPostprocessing = 0;
		};
		56273F8228F11C9000D3899D /* Resources */ = {
			isa = PBXResourcesBuildPhase;
			buildActionMask = 2147483647;
			files = (
			);
			runOnlyForDeploymentPostprocessing = 0;
		};
		56273F8C28F11C9100D3899D /* Resources */ = {
			isa = PBXResourcesBuildPhase;
			buildActionMask = 2147483647;
			files = (
			);
			runOnlyForDeploymentPostprocessing = 0;
		};
/* End PBXResourcesBuildPhase section */

/* Begin PBXSourcesBuildPhase section */
		56273F6A28F11C8300D3899D /* Sources */ = {
			isa = PBXSourcesBuildPhase;
			buildActionMask = 2147483647;
			files = (
				56273FB028F11F9000D3899D /* HaircutsTableViewController.swift in Sources */,
				56273FB428F1201B00D3899D /* ConfirmationRecommendationView.swift in Sources */,
				56273F7628F11C8300D3899D /* ViewController.swift in Sources */,
				56273FA828F11E0F00D3899D /* SchedulingInfo.swift in Sources */,
				56273FAE28F11EC800D3899D /* HaircutTypes.swift in Sources */,
				56273FA228F11D2200D3899D /* PaymentOptions.swift in Sources */,
				56273FB228F11FBF00D3899D /* MessagingViewController.swift in Sources */,
				56273F7228F11C8300D3899D /* AppDelegate.swift in Sources */,
				56273F7428F11C8300D3899D /* SceneDelegate.swift in Sources */,
			);
			runOnlyForDeploymentPostprocessing = 0;
		};
		56273F8028F11C9000D3899D /* Sources */ = {
			isa = PBXSourcesBuildPhase;
			buildActionMask = 2147483647;
			files = (
				56273F8928F11C9100D3899D /* HaircutSchedulingAppTests.swift in Sources */,
			);
			runOnlyForDeploymentPostprocessing = 0;
		};
		56273F8A28F11C9100D3899D /* Sources */ = {
			isa = PBXSourcesBuildPhase;
			buildActionMask = 2147483647;
			files = (
				56273F9328F11C9100D3899D /* HaircutSchedulingAppUITests.swift in Sources */,
				56273F9528F11C9100D3899D /* HaircutSchedulingAppUITestsLaunchTests.swift in Sources */,
			);
			runOnlyForDeploymentPostprocessing = 0;
		};
/* End PBXSourcesBuildPhase section */

/* Begin PBXTargetDependency section */
		56273F8628F11C9000D3899D /* PBXTargetDependency */ = {
			isa = PBXTargetDependency;
			target = 56273F6D28F11C8300D3899D /* HaircutSchedulingApp */;
			targetProxy = 56273F8528F11C9000D3899D /* PBXContainerItemProxy */;
		};
		56273F9028F11C9100D3899D /* PBXTargetDependency */ = {
			isa = PBXTargetDependency;
			target = 56273F6D28F11C8300D3899D /* HaircutSchedulingApp */;
			targetProxy = 56273F8F28F11C9100D3899D /* PBXContainerItemProxy */;
		};
/* End PBXTargetDependency section */

/* Begin PBXVariantGroup section */
		56273F7728F11C8300D3899D /* Main.storyboard */ = {
			isa = PBXVariantGroup;
			children = (
				56273F7828F11C8300D3899D /* Base */,
			);
			name = Main.storyboard;
			sourceTree = "<group>";
		};
		56273F7C28F11C9000D3899D /* LaunchScreen.storyboard */ = {
			isa = PBXVariantGroup;
			children = (
				56273F7D28F11C9000D3899D /* Base */,
			);
			name = LaunchScreen.storyboard;
			sourceTree = "<group>";
		};
/* End PBXVariantGroup section */

/* Begin XCBuildConfiguration section */
		56273F9628F11C9100D3899D /* Debug */ = {
			isa = XCBuildConfiguration;
			buildSettings = {
				ALWAYS_SEARCH_USER_PATHS = NO;
				CLANG_ANALYZER_NONNULL = YES;
				CLANG_ANALYZER_NUMBER_OBJECT_CONVERSION = YES_AGGRESSIVE;
				CLANG_CXX_LANGUAGE_STANDARD = "gnu++17";
				CLANG_ENABLE_MODULES = YES;
				CLANG_ENABLE_OBJC_ARC = YES;
				CLANG_ENABLE_OBJC_WEAK = YES;
				CLANG_WARN_BLOCK_CAPTURE_AUTORELEASING = YES;
				CLANG_WARN_BOOL_CONVERSION = YES;
				CLANG_WARN_COMMA = YES;
				CLANG_WARN_CONSTANT_CONVERSION = YES;
				CLANG_WARN_DEPRECATED_OBJC_IMPLEMENTATIONS = YES;
				CLANG_WARN_DIRECT_OBJC_ISA_USAGE = YES_ERROR;
				CLANG_WARN_DOCUMENTATION_COMMENTS = YES;
				CLANG_WARN_EMPTY_BODY = YES;
				CLANG_WARN_ENUM_CONVERSION = YES;
				CLANG_WARN_INFINITE_RECURSION = YES;
				CLANG_WARN_INT_CONVERSION = YES;
				CLANG_WARN_NON_LITERAL_NULL_CONVERSION = YES;
				CLANG_WARN_OBJC_IMPLICIT_RETAIN_SELF = YES;
				CLANG_WARN_OBJC_LITERAL_CONVERSION = YES;
				CLANG_WARN_OBJC_ROOT_CLASS = YES_ERROR;
				CLANG_WARN_QUOTED_INCLUDE_IN_FRAMEWORK_HEADER = YES;
				CLANG_WARN_RANGE_LOOP_ANALYSIS = YES;
				CLANG_WARN_STRICT_PROTOTYPES = YES;
				CLANG_WARN_SUSPICIOUS_MOVE = YES;
				CLANG_WARN_UNGUARDED_AVAILABILITY = YES_AGGRESSIVE;
				CLANG_WARN_UNREACHABLE_CODE = YES;
				CLANG_WARN__DUPLICATE_METHOD_MATCH = YES;
				COPY_PHASE_STRIP = NO;
				DEBUG_INFORMATION_FORMAT = dwarf;
				ENABLE_STRICT_OBJC_MSGSEND = YES;
				ENABLE_TESTABILITY = YES;
				GCC_C_LANGUAGE_STANDARD = gnu11;
				GCC_DYNAMIC_NO_PIC = NO;
				GCC_NO_COMMON_BLOCKS = YES;
				GCC_OPTIMIZATION_LEVEL = 0;
				GCC_PREPROCESSOR_DEFINITIONS = (
					"DEBUG=1",
					"$(inherited)",
				);
				GCC_WARN_64_TO_32_BIT_CONVERSION = YES;
				GCC_WARN_ABOUT_RETURN_TYPE = YES_ERROR;
				GCC_WARN_UNDECLARED_SELECTOR = YES;
				GCC_WARN_UNINITIALIZED_AUTOS = YES_AGGRESSIVE;
				GCC_WARN_UNUSED_FUNCTION = YES;
				GCC_WARN_UNUSED_VARIABLE = YES;
				IPHONEOS_DEPLOYMENT_TARGET = 15.5;
				MTL_ENABLE_DEBUG_INFO = INCLUDE_SOURCE;
				MTL_FAST_MATH = YES;
				ONLY_ACTIVE_ARCH = YES;
				SDKROOT = iphoneos;
				SWIFT_ACTIVE_COMPILATION_CONDITIONS = DEBUG;
				SWIFT_OPTIMIZATION_LEVEL = "-Onone";
			};
			name = Debug;
		};
		56273F9728F11C9100D3899D /* Release */ = {
			isa = XCBuildConfiguration;
			buildSettings = {
				ALWAYS_SEARCH_USER_PATHS = NO;
				CLANG_ANALYZER_NONNULL = YES;
				CLANG_ANALYZER_NUMBER_OBJECT_CONVERSION = YES_AGGRESSIVE;
				CLANG_CXX_LANGUAGE_STANDARD = "gnu++17";
				CLANG_ENABLE_MODULES = YES;
				CLANG_ENABLE_OBJC_ARC = YES;
				CLANG_ENABLE_OBJC_WEAK = YES;
				CLANG_WARN_BLOCK_CAPTURE_AUTORELEASING = YES;
				CLANG_WARN_BOOL_CONVERSION = YES;
				CLANG_WARN_COMMA = YES;
				CLANG_WARN_CONSTANT_CONVERSION = YES;
				CLANG_WARN_DEPRECATED_OBJC_IMPLEMENTATIONS = YES;
				CLANG_WARN_DIRECT_OBJC_ISA_USAGE = YES_ERROR;
				CLANG_WARN_DOCUMENTATION_COMMENTS = YES;
				CLANG_WARN_EMPTY_BODY = YES;
				CLANG_WARN_ENUM_CONVERSION = YES;
				CLANG_WARN_INFINITE_RECURSION = YES;
				CLANG_WARN_INT_CONVERSION = YES;
				CLANG_WARN_NON_LITERAL_NULL_CONVERSION = YES;
				CLANG_WARN_OBJC_IMPLICIT_RETAIN_SELF = YES;
				CLANG_WARN_OBJC_LITERAL_CONVERSION = YES;
				CLANG_WARN_OBJC_ROOT_CLASS = YES_ERROR;
				CLANG_WARN_QUOTED_INCLUDE_IN_FRAMEWORK_HEADER = YES;
				CLANG_WARN_RANGE_LOOP_ANALYSIS = YES;
				CLANG_WARN_STRICT_PROTOTYPES = YES;
				CLANG_WARN_SUSPICIOUS_MOVE = YES;
				CLANG_WARN_UNGUARDED_AVAILABILITY = YES_AGGRESSIVE;
				CLANG_WARN_UNREACHABLE_CODE = YES;
				CLANG_WARN__DUPLICATE_METHOD_MATCH = YES;
				COPY_PHASE_STRIP = NO;
				DEBUG_INFORMATION_FORMAT = "dwarf-with-dsym";
				ENABLE_NS_ASSERTIONS = NO;
				ENABLE_STRICT_OBJC_MSGSEND = YES;
				GCC_C_LANGUAGE_STANDARD = gnu11;
				GCC_NO_COMMON_BLOCKS = YES;
				GCC_WARN_64_TO_32_BIT_CONVERSION = YES;
				GCC_WARN_ABOUT_RETURN_TYPE = YES_ERROR;
				GCC_WARN_UNDECLARED_SELECTOR = YES;
				GCC_WARN_UNINITIALIZED_AUTOS = YES_AGGRESSIVE;
				GCC_WARN_UNUSED_FUNCTION = YES;
				GCC_WARN_UNUSED_VARIABLE = YES;
				IPHONEOS_DEPLOYMENT_TARGET = 15.5;
				MTL_ENABLE_DEBUG_INFO = NO;
				MTL_FAST_MATH = YES;
				SDKROOT = iphoneos;
				SWIFT_COMPILATION_MODE = wholemodule;
				SWIFT_OPTIMIZATION_LEVEL = "-O";
				VALIDATE_PRODUCT = YES;
			};
			name = Release;
		};
		56273F9928F11C9100D3899D /* Debug */ = {
			isa = XCBuildConfiguration;
			buildSettings = {
				ASSETCATALOG_COMPILER_APPICON_NAME = AppIcon;
				ASSETCATALOG_COMPILER_GLOBAL_ACCENT_COLOR_NAME = AccentColor;
				CODE_SIGN_STYLE = Automatic;
				CURRENT_PROJECT_VERSION = 1;
				DEVELOPMENT_TEAM = 4B99K43XWU;
				GENERATE_INFOPLIST_FILE = YES;
				INFOPLIST_FILE = HaircutSchedulingApp/Info.plist;
				"INFOPLIST_FILE[sdk=*]" = HaircutSchedulingApp/Info.plist;
				INFOPLIST_KEY_UIApplicationSupportsIndirectInputEvents = YES;
				INFOPLIST_KEY_UILaunchStoryboardName = LaunchScreen;
				INFOPLIST_KEY_UIMainStoryboardFile = Main;
				INFOPLIST_KEY_UISupportedInterfaceOrientations_iPad = "UIInterfaceOrientationPortrait UIInterfaceOrientationPortraitUpsideDown UIInterfaceOrientationLandscapeLeft UIInterfaceOrientationLandscapeRight";
				INFOPLIST_KEY_UISupportedInterfaceOrientations_iPhone = "UIInterfaceOrientationPortrait UIInterfaceOrientationLandscapeLeft UIInterfaceOrientationLandscapeRight";
				LD_RUNPATH_SEARCH_PATHS = (
					"$(inherited)",
					"@executable_path/Frameworks",
				);
				MARKETING_VERSION = 1.0;
				PRODUCT_BUNDLE_IDENTIFIER = com.charliesalgado.HaircutSchedulingApp;
				PRODUCT_NAME = "$(TARGET_NAME)";
				SWIFT_EMIT_LOC_STRINGS = YES;
				SWIFT_VERSION = 5.0;
				TARGETED_DEVICE_FAMILY = "1,2";
			};
			name = Debug;
		};
		56273F9A28F11C9100D3899D /* Release */ = {
			isa = XCBuildConfiguration;
			buildSettings = {
				ASSETCATALOG_COMPILER_APPICON_NAME = AppIcon;
				ASSETCATALOG_COMPILER_GLOBAL_ACCENT_COLOR_NAME = AccentColor;
				CODE_SIGN_STYLE = Automatic;
				CURRENT_PROJECT_VERSION = 1;
				DEVELOPMENT_TEAM = 4B99K43XWU;
				GENERATE_INFOPLIST_FILE = YES;
				INFOPLIST_FILE = HaircutSchedulingApp/Info.plist;
				INFOPLIST_KEY_UIApplicationSupportsIndirectInputEvents = YES;
				INFOPLIST_KEY_UILaunchStoryboardName = LaunchScreen;
				INFOPLIST_KEY_UIMainStoryboardFile = Main;
				INFOPLIST_KEY_UISupportedInterfaceOrientations_iPad = "UIInterfaceOrientationPortrait UIInterfaceOrientationPortraitUpsideDown UIInterfaceOrientationLandscapeLeft UIInterfaceOrientationLandscapeRight";
				INFOPLIST_KEY_UISupportedInterfaceOrientations_iPhone = "UIInterfaceOrientationPortrait UIInterfaceOrientationLandscapeLeft UIInterfaceOrientationLandscapeRight";
				LD_RUNPATH_SEARCH_PATHS = (
					"$(inherited)",
					"@executable_path/Frameworks",
				);
				MARKETING_VERSION = 1.0;
				PRODUCT_BUNDLE_IDENTIFIER = com.charliesalgado.HaircutSchedulingApp;
				PRODUCT_NAME = "$(TARGET_NAME)";
				SWIFT_EMIT_LOC_STRINGS = YES;
				SWIFT_VERSION = 5.0;
				TARGETED_DEVICE_FAMILY = "1,2";
			};
			name = Release;
		};
		56273F9C28F11C9100D3899D /* Debug */ = {
			isa = XCBuildConfiguration;
			buildSettings = {
				ALWAYS_EMBED_SWIFT_STANDARD_LIBRARIES = YES;
				BUNDLE_LOADER = "$(TEST_HOST)";
				CODE_SIGN_STYLE = Automatic;
				CURRENT_PROJECT_VERSION = 1;
				DEVELOPMENT_TEAM = 4B99K43XWU;
				GENERATE_INFOPLIST_FILE = YES;
				IPHONEOS_DEPLOYMENT_TARGET = 15.5;
				MARKETING_VERSION = 1.0;
				PRODUCT_BUNDLE_IDENTIFIER = com.charliesalgado.HaircutSchedulingAppTests;
				PRODUCT_NAME = "$(TARGET_NAME)";
				SWIFT_EMIT_LOC_STRINGS = NO;
				SWIFT_VERSION = 5.0;
				TARGETED_DEVICE_FAMILY = "1,2";
				TEST_HOST = "$(BUILT_PRODUCTS_DIR)/HaircutSchedulingApp.app/HaircutSchedulingApp";
			};
			name = Debug;
		};
		56273F9D28F11C9100D3899D /* Release */ = {
			isa = XCBuildConfiguration;
			buildSettings = {
				ALWAYS_EMBED_SWIFT_STANDARD_LIBRARIES = YES;
				BUNDLE_LOADER = "$(TEST_HOST)";
				CODE_SIGN_STYLE = Automatic;
				CURRENT_PROJECT_VERSION = 1;
				DEVELOPMENT_TEAM = 4B99K43XWU;
				GENERATE_INFOPLIST_FILE = YES;
				IPHONEOS_DEPLOYMENT_TARGET = 15.5;
				MARKETING_VERSION = 1.0;
				PRODUCT_BUNDLE_IDENTIFIER = com.charliesalgado.HaircutSchedulingAppTests;
				PRODUCT_NAME = "$(TARGET_NAME)";
				SWIFT_EMIT_LOC_STRINGS = NO;
				SWIFT_VERSION = 5.0;
				TARGETED_DEVICE_FAMILY = "1,2";
				TEST_HOST = "$(BUILT_PRODUCTS_DIR)/HaircutSchedulingApp.app/HaircutSchedulingApp";
			};
			name = Release;
		};
		56273F9F28F11C9100D3899D /* Debug */ = {
			isa = XCBuildConfiguration;
			buildSettings = {
				ALWAYS_EMBED_SWIFT_STANDARD_LIBRARIES = YES;
				CODE_SIGN_STYLE = Automatic;
				CURRENT_PROJECT_VERSION = 1;
				DEVELOPMENT_TEAM = 4B99K43XWU;
				GENERATE_INFOPLIST_FILE = YES;
				MARKETING_VERSION = 1.0;
				PRODUCT_BUNDLE_IDENTIFIER = com.charliesalgado.HaircutSchedulingAppUITests;
				PRODUCT_NAME = "$(TARGET_NAME)";
				SWIFT_EMIT_LOC_STRINGS = NO;
				SWIFT_VERSION = 5.0;
				TARGETED_DEVICE_FAMILY = "1,2";
				TEST_TARGET_NAME = HaircutSchedulingApp;
			};
			name = Debug;
		};
		56273FA028F11C9100D3899D /* Release */ = {
			isa = XCBuildConfiguration;
			buildSettings = {
				ALWAYS_EMBED_SWIFT_STANDARD_LIBRARIES = YES;
				CODE_SIGN_STYLE = Automatic;
				CURRENT_PROJECT_VERSION = 1;
				DEVELOPMENT_TEAM = 4B99K43XWU;
				GENERATE_INFOPLIST_FILE = YES;
				MARKETING_VERSION = 1.0;
				PRODUCT_BUNDLE_IDENTIFIER = com.charliesalgado.HaircutSchedulingAppUITests;
				PRODUCT_NAME = "$(TARGET_NAME)";
				SWIFT_EMIT_LOC_STRINGS = NO;
				SWIFT_VERSION = 5.0;
				TARGETED_DEVICE_FAMILY = "1,2";
				TEST_TARGET_NAME = HaircutSchedulingApp;
			};
			name = Release;
		};
/* End XCBuildConfiguration section */

/* Begin XCConfigurationList section */
		56273F6928F11C8300D3899D /* Build configuration list for PBXProject "HaircutSchedulingApp" */ = {
			isa = XCConfigurationList;
			buildConfigurations = (
				56273F9628F11C9100D3899D /* Debug */,
				56273F9728F11C9100D3899D /* Release */,
			);
			defaultConfigurationIsVisible = 0;
			defaultConfigurationName = Release;
		};
		56273F9828F11C9100D3899D /* Build configuration list for PBXNativeTarget "HaircutSchedulingApp" */ = {
			isa = XCConfigurationList;
			buildConfigurations = (
				56273F9928F11C9100D3899D /* Debug */,
				56273F9A28F11C9100D3899D /* Release */,
			);
			defaultConfigurationIsVisible = 0;
			defaultConfigurationName = Release;
		};
		56273F9B28F11C9100D3899D /* Build configuration list for PBXNativeTarget "HaircutSchedulingAppTests" */ = {
			isa = XCConfigurationList;
			buildConfigurations = (
				56273F9C28F11C9100D3899D /* Debug */,
				56273F9D28F11C9100D3899D /* Release */,
			);
			defaultConfigurationIsVisible = 0;
			defaultConfigurationName = Release;
		};
		56273F9E28F11C9100D3899D /* Build configuration list for PBXNativeTarget "HaircutSchedulingAppUITests" */ = {
			isa = XCConfigurationList;
			buildConfigurations = (
				56273F9F28F11C9100D3899D /* Debug */,
				56273FA028F11C9100D3899D /* Release */,
			);
			defaultConfigurationIsVisible = 0;
			defaultConfigurationName = Release;
		};
/* End XCConfigurationList section */
	};
	rootObject = 56273F6628F11C8300D3899D /* Project object */;
}
